
Microsoft Visual Studio Solution File, Format Version 12.00
# Visual Studio 15
VisualStudioVersion = 15.0.27130.2027
MinimumVisualStudioVersion = 10.0.40219.1
Project("{9A19103F-16F7-4668-BE54-9A1E7A4F7556}") = "TheHiProgram", "TheHiProgram\TheHiProgram.csproj", "{99F8A7B3-7759-40AB-9433-240AEBFF9F15}"
EndProject
Project("{9A19103F-16F7-4668-BE54-9A1E7A4F7556}") = "AgeAfter10Years", "AgeAfter10Years\AgeAfter10Years.csproj", "{4EF8C5C1-A107-4B09-A8A3-66DEE445D517}"
EndProject
Project("{9A19103F-16F7-4668-BE54-9A1E7A4F7556}") = "MyUniqueNumber", "MyUniqueNumber\MyUniqueNumber.csproj", "{337A5A0B-650D-4C92-9030-0C39CED3F26A}"
EndProject
Project("{9A19103F-16F7-4668-BE54-9A1E7A4F7556}") = "FourthDigitInNumber", "FourthDigitInNumber\FourthDigitInNumber.csproj", "{DAEED4A2-96C7-466B-9D9E-07DFC7DDC020}"
EndProject
Project("{9A19103F-16F7-4668-BE54-9A1E7A4F7556}") = "Travel2TheSunWithSoundSpeedInWater", "Travel2TheSunWithSoundSpeedInWater\Travel2TheSunWithSoundSpeedInWater.csproj", "{E8A4C834-E8CD-465A-8405-061EBDD86B99}"
EndProject
Project("{9A19103F-16F7-4668-BE54-9A1E7A4F7556}") = "WeightInTheSolarSystem", "WeightInTheSolarSystem\WeightInTheSolarSystem.csproj", "{333D36E1-7E50-4819-8410-12346633EE1A}"
EndProject
Project("{9A19103F-16F7-4668-BE54-9A1E7A4F7556}") = "DecartCoordinates", "DecartCoordinates\DecartCoordinates.csproj", "{A5B0B0DE-2660-4BB0-BBD8-B601552324E4}"
EndProject
Project("{9A19103F-16F7-4668-BE54-9A1E7A4F7556}") = "BusTicketLuckyNumbers", "BusTicketLuckyNumbers\BusTicketLuckyNumbers.csproj", "{9EF50B78-7B20-4045-BF75-C2C39A6F84DE}"
EndProject
Project("{9A19103F-16F7-4668-BE54-9A1E7A4F7556}") = "MiserPiggy", "MiserPiggy\MiserPiggy.csproj", "{20DD19A5-3B1A-4FE5-A5BE-FDA47B684D7A}"
EndProject
Project("{9A19103F-16F7-4668-BE54-9A1E7A4F7556}") = "SimpleDeckOfCards", "SimpleDeckOfCards\SimpleDeckOfCards.csproj", "{2B6ED74D-469E-4DA1-943C-0FC3EDAD2622}"
EndProject
Project("{FAE04EC0-301F-11D3-BF4B-00C04F79EFBC}") = "StudentsNamesCalculator", "StudentsNamesCalculator\StudentsNamesCalculator.csproj", "{A82E5DF0-F784-4A67-836D-4B17F15D44C7}"
EndProject
Project("{FAE04EC0-301F-11D3-BF4B-00C04F79EFBC}") = "GetMax", "GetMax\GetMax.csproj", "{DA26F88B-DA58-4742-AFA6-EBB135189851}"
EndProject
Project("{FAE04EC0-301F-11D3-BF4B-00C04F79EFBC}") = "GeometryCalculator", "GeometryCalculator\GeometryCalculator.csproj", "{03A5375E-EF39-4EA9-9A52-81E63E0D14E8}"
EndProject
Global
	GlobalSection(SolutionConfigurationPlatforms) = preSolution
		Debug|Any CPU = Debug|Any CPU
		Release|Any CPU = Release|Any CPU
	EndGlobalSection
	GlobalSection(ProjectConfigurationPlatforms) = postSolution
		{99F8A7B3-7759-40AB-9433-240AEBFF9F15}.Debug|Any CPU.ActiveCfg = Debug|Any CPU
		{99F8A7B3-7759-40AB-9433-240AEBFF9F15}.Debug|Any CPU.Build.0 = Debug|Any CPU
		{99F8A7B3-7759-40AB-9433-240AEBFF9F15}.Release|Any CPU.ActiveCfg = Release|Any CPU
		{99F8A7B3-7759-40AB-9433-240AEBFF9F15}.Release|Any CPU.Build.0 = Release|Any CPU
		{4EF8C5C1-A107-4B09-A8A3-66DEE445D517}.Debug|Any CPU.ActiveCfg = Debug|Any CPU
		{4EF8C5C1-A107-4B09-A8A3-66DEE445D517}.Debug|Any CPU.Build.0 = Debug|Any CPU
		{4EF8C5C1-A107-4B09-A8A3-66DEE445D517}.Release|Any CPU.ActiveCfg = Release|Any CPU
		{4EF8C5C1-A107-4B09-A8A3-66DEE445D517}.Release|Any CPU.Build.0 = Release|Any CPU
		{337A5A0B-650D-4C92-9030-0C39CED3F26A}.Debug|Any CPU.ActiveCfg = Debug|Any CPU
		{337A5A0B-650D-4C92-9030-0C39CED3F26A}.Debug|Any CPU.Build.0 = Debug|Any CPU
		{337A5A0B-650D-4C92-9030-0C39CED3F26A}.Release|Any CPU.ActiveCfg = Release|Any CPU
		{337A5A0B-650D-4C92-9030-0C39CED3F26A}.Release|Any CPU.Build.0 = Release|Any CPU
		{DAEED4A2-96C7-466B-9D9E-07DFC7DDC020}.Debug|Any CPU.ActiveCfg = Debug|Any CPU
		{DAEED4A2-96C7-466B-9D9E-07DFC7DDC020}.Debug|Any CPU.Build.0 = Debug|Any CPU
		{DAEED4A2-96C7-466B-9D9E-07DFC7DDC020}.Release|Any CPU.ActiveCfg = Release|Any CPU
		{DAEED4A2-96C7-466B-9D9E-07DFC7DDC020}.Release|Any CPU.Build.0 = Release|Any CPU
		{E8A4C834-E8CD-465A-8405-061EBDD86B99}.Debug|Any CPU.ActiveCfg = Debug|Any CPU
		{E8A4C834-E8CD-465A-8405-061EBDD86B99}.Debug|Any CPU.Build.0 = Debug|Any CPU
		{E8A4C834-E8CD-465A-8405-061EBDD86B99}.Release|Any CPU.ActiveCfg = Release|Any CPU
		{E8A4C834-E8CD-465A-8405-061EBDD86B99}.Release|Any CPU.Build.0 = Release|Any CPU
		{333D36E1-7E50-4819-8410-12346633EE1A}.Debug|Any CPU.ActiveCfg = Debug|Any CPU
		{333D36E1-7E50-4819-8410-12346633EE1A}.Debug|Any CPU.Build.0 = Debug|Any CPU
		{333D36E1-7E50-4819-8410-12346633EE1A}.Release|Any CPU.ActiveCfg = Release|Any CPU
		{333D36E1-7E50-4819-8410-12346633EE1A}.Release|Any CPU.Build.0 = Release|Any CPU
		{A5B0B0DE-2660-4BB0-BBD8-B601552324E4}.Debug|Any CPU.ActiveCfg = Debug|Any CPU
		{A5B0B0DE-2660-4BB0-BBD8-B601552324E4}.Debug|Any CPU.Build.0 = Debug|Any CPU
		{A5B0B0DE-2660-4BB0-BBD8-B601552324E4}.Release|Any CPU.ActiveCfg = Release|Any CPU
		{A5B0B0DE-2660-4BB0-BBD8-B601552324E4}.Release|Any CPU.Build.0 = Release|Any CPU
		{9EF50B78-7B20-4045-BF75-C2C39A6F84DE}.Debug|Any CPU.ActiveCfg = Debug|Any CPU
		{9EF50B78-7B20-4045-BF75-C2C39A6F84DE}.Debug|Any CPU.Build.0 = Debug|Any CPU
		{9EF50B78-7B20-4045-BF75-C2C39A6F84DE}.Release|Any CPU.ActiveCfg = Release|Any CPU
		{9EF50B78-7B20-4045-BF75-C2C39A6F84DE}.Release|Any CPU.Build.0 = Release|Any CPU
		{20DD19A5-3B1A-4FE5-A5BE-FDA47B684D7A}.Debug|Any CPU.ActiveCfg = Debug|Any CPU
		{20DD19A5-3B1A-4FE5-A5BE-FDA47B684D7A}.Debug|Any CPU.Build.0 = Debug|Any CPU
		{20DD19A5-3B1A-4FE5-A5BE-FDA47B684D7A}.Release|Any CPU.ActiveCfg = Release|Any CPU
		{20DD19A5-3B1A-4FE5-A5BE-FDA47B684D7A}.Release|Any CPU.Build.0 = Release|Any CPU
		{2B6ED74D-469E-4DA1-943C-0FC3EDAD2622}.Debug|Any CPU.ActiveCfg = Debug|Any CPU
		{2B6ED74D-469E-4DA1-943C-0FC3EDAD2622}.Debug|Any CPU.Build.0 = Debug|Any CPU
		{2B6ED74D-469E-4DA1-943C-0FC3EDAD2622}.Release|Any CPU.ActiveCfg = Release|Any CPU
		{2B6ED74D-469E-4DA1-943C-0FC3EDAD2622}.Release|Any CPU.Build.0 = Release|Any CPU
		{A82E5DF0-F784-4A67-836D-4B17F15D44C7}.Debug|Any CPU.ActiveCfg = Debug|Any CPU
		{A82E5DF0-F784-4A67-836D-4B17F15D44C7}.Debug|Any CPU.Build.0 = Debug|Any CPU
		{A82E5DF0-F784-4A67-836D-4B17F15D44C7}.Release|Any CPU.ActiveCfg = Release|Any CPU
		{A82E5DF0-F784-4A67-836D-4B17F15D44C7}.Release|Any CPU.Build.0 = Release|Any CPU
		{DA26F88B-DA58-4742-AFA6-EBB135189851}.Debug|Any CPU.ActiveCfg = Debug|Any CPU
		{DA26F88B-DA58-4742-AFA6-EBB135189851}.Debug|Any CPU.Build.0 = Debug|Any CPU
		{DA26F88B-DA58-4742-AFA6-EBB135189851}.Release|Any CPU.ActiveCfg = Release|Any CPU
		{DA26F88B-DA58-4742-AFA6-EBB135189851}.Release|Any CPU.Build.0 = Release|Any CPU
		{03A5375E-EF39-4EA9-9A52-81E63E0D14E8}.Debug|Any CPU.ActiveCfg = Debug|Any CPU
		{03A5375E-EF39-4EA9-9A52-81E63E0D14E8}.Debug|Any CPU.Build.0 = Debug|Any CPU
		{03A5375E-EF39-4EA9-9A52-81E63E0D14E8}.Release|Any CPU.ActiveCfg = Release|Any CPU
		{03A5375E-EF39-4EA9-9A52-81E63E0D14E8}.Release|Any CPU.Build.0 = Release|Any CPU
	EndGlobalSection
	GlobalSection(SolutionProperties) = preSolution
		HideSolutionNode = FALSE
	EndGlobalSection
	GlobalSection(ExtensibilityGlobals) = postSolution
		SolutionGuid = {FCFF2F68-0F27-4A34-9A33-4CB042153F92}
	EndGlobalSection
EndGlobal
